
Microsoft Visual Studio Solution File, Format Version 12.00
# Visual Studio Version 17
VisualStudioVersion = 17.14.36327.8 d17.14
MinimumVisualStudioVersion = 10.0.40219.1
Project("{FAE04EC0-301F-11D3-BF4B-00C04F79EFBC}") = "StartWPF", "StartWPF\StartWPF.csproj", "{227E336C-9C82-4672-8736-0657A7B665D3}"
EndProject
Project("{FAE04EC0-301F-11D3-BF4B-00C04F79EFBC}") = "ExceptionCatch", "ExceptionCatch\ExceptionCatch.csproj", "{A746FEFE-36EF-495C-A617-9E91DEA09C64}"
EndProject
Project("{FAE04EC0-301F-11D3-BF4B-00C04F79EFBC}") = "ToDo", "ToDo\ToDo.csproj", "{8A118D5D-4A85-4538-AD1D-E3A8FA3D6DF8}"
EndProject
Global
	GlobalSection(SolutionConfigurationPlatforms) = preSolution
		Debug|Any CPU = Debug|Any CPU
		Release|Any CPU = Release|Any CPU
	EndGlobalSection
	GlobalSection(ProjectConfigurationPlatforms) = postSolution
		{227E336C-9C82-4672-8736-0657A7B665D3}.Debug|Any CPU.ActiveCfg = Debug|Any CPU
		{227E336C-9C82-4672-8736-0657A7B665D3}.Debug|Any CPU.Build.0 = Debug|Any CPU
		{227E336C-9C82-4672-8736-0657A7B665D3}.Release|Any CPU.ActiveCfg = Release|Any CPU
		{227E336C-9C82-4672-8736-0657A7B665D3}.Release|Any CPU.Build.0 = Release|Any CPU
		{A746FEFE-36EF-495C-A617-9E91DEA09C64}.Debug|Any CPU.ActiveCfg = Debug|Any CPU
		{A746FEFE-36EF-495C-A617-9E91DEA09C64}.Debug|Any CPU.Build.0 = Debug|Any CPU
		{A746FEFE-36EF-495C-A617-9E91DEA09C64}.Release|Any CPU.ActiveCfg = Release|Any CPU
		{A746FEFE-36EF-495C-A617-9E91DEA09C64}.Release|Any CPU.Build.0 = Release|Any CPU
		{8A118D5D-4A85-4538-AD1D-E3A8FA3D6DF8}.Debug|Any CPU.ActiveCfg = Debug|Any CPU
		{8A118D5D-4A85-4538-AD1D-E3A8FA3D6DF8}.Debug|Any CPU.Build.0 = Debug|Any CPU
		{8A118D5D-4A85-4538-AD1D-E3A8FA3D6DF8}.Release|Any CPU.ActiveCfg = Release|Any CPU
		{8A118D5D-4A85-4538-AD1D-E3A8FA3D6DF8}.Release|Any CPU.Build.0 = Release|Any CPU
	EndGlobalSection
	GlobalSection(SolutionProperties) = preSolution
		HideSolutionNode = FALSE
	EndGlobalSection
	GlobalSection(ExtensibilityGlobals) = postSolution
		SolutionGuid = {0FA0335A-1B18-472E-BF93-48CBA7BB126F}
	EndGlobalSection
EndGlobal
